
Microsoft Visual Studio Solution File, Format Version 12.00
# Visual Studio Version 16
VisualStudioVersion = 16.0.29709.97
MinimumVisualStudioVersion = 10.0.40219.1
Project("{FAE04EC0-301F-11D3-BF4B-00C04F79EFBC}") = "MvcMovie", "MvcMovie.csproj", "{3330929C-7651-4FBB-8608-612003BF65A2}"
EndProject
Global
	GlobalSection(SolutionConfigurationPlatforms) = preSolution
		Debug|Any CPU = Debug|Any CPU
		Release|Any CPU = Release|Any CPU
	EndGlobalSection
	GlobalSection(ProjectConfigurationPlatforms) = postSolution
		{3330929C-7651-4FBB-8608-612003BF65A2}.Debug|Any CPU.ActiveCfg = Debug|Any CPU
		{3330929C-7651-4FBB-8608-612003BF65A2}.Debug|Any CPU.Build.0 = Debug|Any CPU
		{3330929C-7651-4FBB-8608-612003BF65A2}.Release|Any CPU.ActiveCfg = Release|Any CPU
		{3330929C-7651-4FBB-8608-612003BF65A2}.Release|Any CPU.Build.0 = Release|Any CPU
	EndGlobalSection
	GlobalSection(SolutionProperties) = preSolution
		HideSolutionNode = FALSE
	EndGlobalSection
	GlobalSection(ExtensibilityGlobals) = postSolution
		SolutionGuid = {82C8B08B-2DEC-4AF4-9198-18CC59ECB415}
	EndGlobalSection
EndGlobal
